
Microsoft Visual Studio Solution File, Format Version 11.00
# Visual Studio 2010
Project("{2150E333-8FDC-42A3-9474-1A3956D46DE8}") = "Runners", "Runners", "{1CC77E58-4B1E-4D3F-86EA-5078883434FC}"
EndProject
Project("{2150E333-8FDC-42A3-9474-1A3956D46DE8}") = "Core", "Core", "{9844714F-717A-4C16-97A9-9995BB1B4A8B}"
EndProject
Project("{2150E333-8FDC-42A3-9474-1A3956D46DE8}") = "Tests", "Tests", "{8FF5F3DF-DF83-470C-ADFE-C0FF2B858F0F}"
EndProject
Project("{2150E333-8FDC-42A3-9474-1A3956D46DE8}") = "Extras", "Extras", "{02B014BC-CC35-466F-A2F4-C5B5AC830653}"
	ProjectSection(SolutionItems) = preProject
		doc\CHANGES.txt = doc\CHANGES.txt
		default.build = default.build
		local.properties-example = local.properties-example
		src\MigratorDotNet.snk = src\MigratorDotNet.snk
		doc\README.txt = doc\README.txt
		doc\TODO.txt = doc\TODO.txt
	EndProjectSection
EndProject
Project("{FAE04EC0-301F-11D3-BF4B-00C04F79EFBC}") = "Migrator", "src\Migrator\Migrator.csproj", "{1FEE70A4-AAD7-4C60-BE60-3F7DC03A8C4D}"
EndProject
Project("{FAE04EC0-301F-11D3-BF4B-00C04F79EFBC}") = "Migrator.Framework", "src\Migrator.Framework\Migrator.Framework.csproj", "{5270F048-E580-486C-B14C-E5B9F6E539D4}"
EndProject
Project("{FAE04EC0-301F-11D3-BF4B-00C04F79EFBC}") = "Migrator.Providers", "src\Migrator.Providers\Migrator.Providers.csproj", "{D58C68E4-D789-40F7-9078-C9F587D4363C}"
EndProject
Project("{FAE04EC0-301F-11D3-BF4B-00C04F79EFBC}") = "Migrator.Console", "src\Migrator.Console\Migrator.Console.csproj", "{FBE3A83A-D0F8-4D72-AF8D-9EF772569A31}"
EndProject
Project("{FAE04EC0-301F-11D3-BF4B-00C04F79EFBC}") = "Migrator.MSBuild", "src\Migrator.MSBuild\Migrator.MSBuild.csproj", "{A145FFA9-5FE6-4636-93B8-0C110D132BF3}"
EndProject
Project("{FAE04EC0-301F-11D3-BF4B-00C04F79EFBC}") = "Migrator.NAnt", "src\Migrator.NAnt\Migrator.NAnt.csproj", "{CDD39DB7-C9C0-4ECA-AD36-1B4D0BF59101}"
EndProject
Project("{FAE04EC0-301F-11D3-BF4B-00C04F79EFBC}") = "Migrator.Tests", "src\Migrator.Tests\Migrator.Tests.csproj", "{882B6A93-67B8-45BF-8636-5796B1B1CBF8}"
EndProject
Project("{FAE04EC0-301F-11D3-BF4B-00C04F79EFBC}") = "Migrator.Tests.SqlServer", "src\Migrator.Tests\Migrator.Tests.SqlServer\Migrator.Tests.SqlServer.csproj", "{665E8D8E-A27D-4470-B1E4-2712211A6571}"
EndProject
Project("{FAE04EC0-301F-11D3-BF4B-00C04F79EFBC}") = "Migrator.Tests.Oracle", "src\Migrator.Tests\Migrator.Tests.Oracle\Migrator.Tests.Oracle.csproj", "{3DE95E40-6FD0-4A68-BAA5-4BC2317271DE}"
EndProject
Project("{FAE04EC0-301F-11D3-BF4B-00C04F79EFBC}") = "Migrator.Tests.MySql", "src\Migrator.Tests\Migrator.Tests.MySql\Migrator.Tests.MySql.csproj", "{8E9BBF7D-4458-4820-B381-065D161DE571}"
EndProject
Project("{FAE04EC0-301F-11D3-BF4B-00C04F79EFBC}") = "Migrator.Tests.SQLlite", "src\Migrator.Tests\Migrator.Tests.SQLlite\Migrator.Tests.SQLlite.csproj", "{A22FF638-7CE3-41B9-8107-B4FE8539E824}"
EndProject
Project("{FAE04EC0-301F-11D3-BF4B-00C04F79EFBC}") = "Migrator.Tests.SqlCE", "src\Migrator.Tests\Migrator.Tests.SqlCE\Migrator.Tests.SqlCE.csproj", "{37A62315-8615-4F30-B5D2-6E9110B096AB}"
EndProject
Project("{FAE04EC0-301F-11D3-BF4B-00C04F79EFBC}") = "Migrator.Tests.PostgreSQL", "src\Migrator.Tests\Migrator.Tests.PostgreSQL\Migrator.Tests.PostgreSQL.csproj", "{4FBDAD67-84F6-48AF-8760-8CE7F7575AE5}"
EndProject
Global
	GlobalSection(SolutionConfigurationPlatforms) = preSolution
		Debug|Any CPU = Debug|Any CPU
		Release|Any CPU = Release|Any CPU
	EndGlobalSection
	GlobalSection(ProjectConfigurationPlatforms) = postSolution
		{1FEE70A4-AAD7-4C60-BE60-3F7DC03A8C4D}.Debug|Any CPU.ActiveCfg = Debug|Any CPU
		{1FEE70A4-AAD7-4C60-BE60-3F7DC03A8C4D}.Debug|Any CPU.Build.0 = Debug|Any CPU
		{1FEE70A4-AAD7-4C60-BE60-3F7DC03A8C4D}.Release|Any CPU.ActiveCfg = Release|Any CPU
		{1FEE70A4-AAD7-4C60-BE60-3F7DC03A8C4D}.Release|Any CPU.Build.0 = Release|Any CPU
		{5270F048-E580-486C-B14C-E5B9F6E539D4}.Debug|Any CPU.ActiveCfg = Debug|Any CPU
		{5270F048-E580-486C-B14C-E5B9F6E539D4}.Debug|Any CPU.Build.0 = Debug|Any CPU
		{5270F048-E580-486C-B14C-E5B9F6E539D4}.Release|Any CPU.ActiveCfg = Release|Any CPU
		{5270F048-E580-486C-B14C-E5B9F6E539D4}.Release|Any CPU.Build.0 = Release|Any CPU
		{D58C68E4-D789-40F7-9078-C9F587D4363C}.Debug|Any CPU.ActiveCfg = Debug|Any CPU
		{D58C68E4-D789-40F7-9078-C9F587D4363C}.Debug|Any CPU.Build.0 = Debug|Any CPU
		{D58C68E4-D789-40F7-9078-C9F587D4363C}.Release|Any CPU.ActiveCfg = Release|Any CPU
		{D58C68E4-D789-40F7-9078-C9F587D4363C}.Release|Any CPU.Build.0 = Release|Any CPU
		{FBE3A83A-D0F8-4D72-AF8D-9EF772569A31}.Debug|Any CPU.ActiveCfg = Debug|Any CPU
		{FBE3A83A-D0F8-4D72-AF8D-9EF772569A31}.Debug|Any CPU.Build.0 = Debug|Any CPU
		{FBE3A83A-D0F8-4D72-AF8D-9EF772569A31}.Release|Any CPU.ActiveCfg = Release|Any CPU
		{FBE3A83A-D0F8-4D72-AF8D-9EF772569A31}.Release|Any CPU.Build.0 = Release|Any CPU
		{A145FFA9-5FE6-4636-93B8-0C110D132BF3}.Debug|Any CPU.ActiveCfg = Debug|Any CPU
		{A145FFA9-5FE6-4636-93B8-0C110D132BF3}.Debug|Any CPU.Build.0 = Debug|Any CPU
		{A145FFA9-5FE6-4636-93B8-0C110D132BF3}.Release|Any CPU.ActiveCfg = Release|Any CPU
		{A145FFA9-5FE6-4636-93B8-0C110D132BF3}.Release|Any CPU.Build.0 = Release|Any CPU
		{CDD39DB7-C9C0-4ECA-AD36-1B4D0BF59101}.Debug|Any CPU.ActiveCfg = Debug|Any CPU
		{CDD39DB7-C9C0-4ECA-AD36-1B4D0BF59101}.Debug|Any CPU.Build.0 = Debug|Any CPU
		{CDD39DB7-C9C0-4ECA-AD36-1B4D0BF59101}.Release|Any CPU.ActiveCfg = Release|Any CPU
		{CDD39DB7-C9C0-4ECA-AD36-1B4D0BF59101}.Release|Any CPU.Build.0 = Release|Any CPU
		{882B6A93-67B8-45BF-8636-5796B1B1CBF8}.Debug|Any CPU.ActiveCfg = Debug|Any CPU
		{882B6A93-67B8-45BF-8636-5796B1B1CBF8}.Debug|Any CPU.Build.0 = Debug|Any CPU
		{882B6A93-67B8-45BF-8636-5796B1B1CBF8}.Release|Any CPU.ActiveCfg = Release|Any CPU
		{882B6A93-67B8-45BF-8636-5796B1B1CBF8}.Release|Any CPU.Build.0 = Release|Any CPU
		{665E8D8E-A27D-4470-B1E4-2712211A6571}.Debug|Any CPU.ActiveCfg = Debug|Any CPU
		{665E8D8E-A27D-4470-B1E4-2712211A6571}.Debug|Any CPU.Build.0 = Debug|Any CPU
		{665E8D8E-A27D-4470-B1E4-2712211A6571}.Release|Any CPU.ActiveCfg = Release|Any CPU
		{665E8D8E-A27D-4470-B1E4-2712211A6571}.Release|Any CPU.Build.0 = Release|Any CPU
		{3DE95E40-6FD0-4A68-BAA5-4BC2317271DE}.Debug|Any CPU.ActiveCfg = Debug|Any CPU
		{3DE95E40-6FD0-4A68-BAA5-4BC2317271DE}.Debug|Any CPU.Build.0 = Debug|Any CPU
		{3DE95E40-6FD0-4A68-BAA5-4BC2317271DE}.Release|Any CPU.ActiveCfg = Release|Any CPU
		{3DE95E40-6FD0-4A68-BAA5-4BC2317271DE}.Release|Any CPU.Build.0 = Release|Any CPU
		{8E9BBF7D-4458-4820-B381-065D161DE571}.Debug|Any CPU.ActiveCfg = Debug|Any CPU
		{8E9BBF7D-4458-4820-B381-065D161DE571}.Debug|Any CPU.Build.0 = Debug|Any CPU
		{8E9BBF7D-4458-4820-B381-065D161DE571}.Release|Any CPU.ActiveCfg = Release|Any CPU
		{8E9BBF7D-4458-4820-B381-065D161DE571}.Release|Any CPU.Build.0 = Release|Any CPU
		{A22FF638-7CE3-41B9-8107-B4FE8539E824}.Debug|Any CPU.ActiveCfg = Debug|Any CPU
		{A22FF638-7CE3-41B9-8107-B4FE8539E824}.Debug|Any CPU.Build.0 = Debug|Any CPU
		{A22FF638-7CE3-41B9-8107-B4FE8539E824}.Release|Any CPU.ActiveCfg = Release|Any CPU
		{A22FF638-7CE3-41B9-8107-B4FE8539E824}.Release|Any CPU.Build.0 = Release|Any CPU
		{37A62315-8615-4F30-B5D2-6E9110B096AB}.Debug|Any CPU.ActiveCfg = Debug|Any CPU
		{37A62315-8615-4F30-B5D2-6E9110B096AB}.Debug|Any CPU.Build.0 = Debug|Any CPU
		{37A62315-8615-4F30-B5D2-6E9110B096AB}.Release|Any CPU.ActiveCfg = Release|Any CPU
		{37A62315-8615-4F30-B5D2-6E9110B096AB}.Release|Any CPU.Build.0 = Release|Any CPU
		{4FBDAD67-84F6-48AF-8760-8CE7F7575AE5}.Debug|Any CPU.ActiveCfg = Debug|Any CPU
		{4FBDAD67-84F6-48AF-8760-8CE7F7575AE5}.Debug|Any CPU.Build.0 = Debug|Any CPU
		{4FBDAD67-84F6-48AF-8760-8CE7F7575AE5}.Release|Any CPU.ActiveCfg = Release|Any CPU
		{4FBDAD67-84F6-48AF-8760-8CE7F7575AE5}.Release|Any CPU.Build.0 = Release|Any CPU
	EndGlobalSection
	GlobalSection(SolutionProperties) = preSolution
		HideSolutionNode = FALSE
	EndGlobalSection
	GlobalSection(NestedProjects) = preSolution
		{FBE3A83A-D0F8-4D72-AF8D-9EF772569A31} = {1CC77E58-4B1E-4D3F-86EA-5078883434FC}
		{A145FFA9-5FE6-4636-93B8-0C110D132BF3} = {1CC77E58-4B1E-4D3F-86EA-5078883434FC}
		{CDD39DB7-C9C0-4ECA-AD36-1B4D0BF59101} = {1CC77E58-4B1E-4D3F-86EA-5078883434FC}
		{1FEE70A4-AAD7-4C60-BE60-3F7DC03A8C4D} = {9844714F-717A-4C16-97A9-9995BB1B4A8B}
		{5270F048-E580-486C-B14C-E5B9F6E539D4} = {9844714F-717A-4C16-97A9-9995BB1B4A8B}
		{D58C68E4-D789-40F7-9078-C9F587D4363C} = {9844714F-717A-4C16-97A9-9995BB1B4A8B}
		{882B6A93-67B8-45BF-8636-5796B1B1CBF8} = {8FF5F3DF-DF83-470C-ADFE-C0FF2B858F0F}
		{665E8D8E-A27D-4470-B1E4-2712211A6571} = {8FF5F3DF-DF83-470C-ADFE-C0FF2B858F0F}
		{3DE95E40-6FD0-4A68-BAA5-4BC2317271DE} = {8FF5F3DF-DF83-470C-ADFE-C0FF2B858F0F}
		{8E9BBF7D-4458-4820-B381-065D161DE571} = {8FF5F3DF-DF83-470C-ADFE-C0FF2B858F0F}
		{A22FF638-7CE3-41B9-8107-B4FE8539E824} = {8FF5F3DF-DF83-470C-ADFE-C0FF2B858F0F}
		{37A62315-8615-4F30-B5D2-6E9110B096AB} = {8FF5F3DF-DF83-470C-ADFE-C0FF2B858F0F}
		{4FBDAD67-84F6-48AF-8760-8CE7F7575AE5} = {8FF5F3DF-DF83-470C-ADFE-C0FF2B858F0F}
	EndGlobalSection
EndGlobal
